
Microsoft Visual Studio Solution File, Format Version 12.00
# Visual Studio 14
VisualStudioVersion = 14.0.25123.0
MinimumVisualStudioVersion = 10.0.40219.1
Project("{2150E333-8FDC-42A3-9474-1A3956D46DE8}") = "ProductionManageSys", "ProductionManageSys", "{664ED95B-2BFF-46FB-9C8E-33043E0E5F8C}"
EndProject
Project("{FAE04EC0-301F-11D3-BF4B-00C04F79EFBC}") = "ProductionManage", "ProductionManageSys\ProductionManage\ProductionManage.csproj", "{E93BFE95-FDB1-4D48-AD99-9333DAFAAE5C}"
EndProject
Project("{FAE04EC0-301F-11D3-BF4B-00C04F79EFBC}") = "Common", "ProductionManageSys\Common\Common.csproj", "{0BC03476-B77B-4443-A7C0-21944B23B84F}"
EndProject
Project("{FAE04EC0-301F-11D3-BF4B-00C04F79EFBC}") = "Domain", "ProductionManageSys\Domain\Domain.csproj", "{322B506A-487C-4620-813A-04B5753B689C}"
EndProject
Project("{FAE04EC0-301F-11D3-BF4B-00C04F79EFBC}") = "Service", "ProductionManageSys\Service\Service.csproj", "{E9CE030C-A15A-44D7-892E-C8BE6B680217}"
EndProject
Project("{2150E333-8FDC-42A3-9474-1A3956D46DE8}") = "WGManage", "WGManage", "{18B6CCFC-452B-4640-B4C0-8AE125EDB001}"
EndProject
Project("{FAE04EC0-301F-11D3-BF4B-00C04F79EFBC}") = "Common", "WG_Manage\Common\Common.csproj", "{671689A9-EBE7-4E89-B7C0-24BD79AA6873}"
EndProject
Project("{FAE04EC0-301F-11D3-BF4B-00C04F79EFBC}") = "Domain", "WG_Manage\Domain\Domain.csproj", "{7AC57A1B-6E63-47CB-828E-D77601CAFF45}"
EndProject
Project("{FAE04EC0-301F-11D3-BF4B-00C04F79EFBC}") = "Service", "WG_Manage\Service\Service.csproj", "{2800AFF6-C3A9-4B44-8F68-69C804AFFC82}"
EndProject
Project("{FAE04EC0-301F-11D3-BF4B-00C04F79EFBC}") = "WG_BackStage", "WG_Manage\WG_BackStage\WG_BackStage.csproj", "{0C8F5E88-1172-4911-B9DD-AAFA8E9475E9}"
EndProject
Project("{FAE04EC0-301F-11D3-BF4B-00C04F79EFBC}") = "WG_BackStage.Tests", "WG_Manage\WG_BackStage.Tests\WG_BackStage.Tests.csproj", "{F3571953-6420-4563-B31C-21ACFA18FDAC}"
EndProject
Project("{FAE04EC0-301F-11D3-BF4B-00C04F79EFBC}") = "WG_BackStageTest", "WG_Manage\WG_BackStageTest\WG_BackStageTest.csproj", "{FD0A850D-B3CC-4FA4-A7F7-2A58196D24EA}"
EndProject
Project("{FAE04EC0-301F-11D3-BF4B-00C04F79EFBC}") = "WG_BackStageTests", "WG_Manage\WG_BackStageTests\WG_BackStageTests.csproj", "{9F6D3E58-3687-4B4C-ACF8-1B1AC0B32A9F}"
EndProject
Global
	GlobalSection(SolutionConfigurationPlatforms) = preSolution
		Debug|Any CPU = Debug|Any CPU
		Release|Any CPU = Release|Any CPU
	EndGlobalSection
	GlobalSection(ProjectConfigurationPlatforms) = postSolution
		{E93BFE95-FDB1-4D48-AD99-9333DAFAAE5C}.Debug|Any CPU.ActiveCfg = Debug|Any CPU
		{E93BFE95-FDB1-4D48-AD99-9333DAFAAE5C}.Debug|Any CPU.Build.0 = Debug|Any CPU
		{E93BFE95-FDB1-4D48-AD99-9333DAFAAE5C}.Release|Any CPU.ActiveCfg = Release|Any CPU
		{E93BFE95-FDB1-4D48-AD99-9333DAFAAE5C}.Release|Any CPU.Build.0 = Release|Any CPU
		{0BC03476-B77B-4443-A7C0-21944B23B84F}.Debug|Any CPU.ActiveCfg = Debug|Any CPU
		{0BC03476-B77B-4443-A7C0-21944B23B84F}.Debug|Any CPU.Build.0 = Debug|Any CPU
		{0BC03476-B77B-4443-A7C0-21944B23B84F}.Release|Any CPU.ActiveCfg = Release|Any CPU
		{0BC03476-B77B-4443-A7C0-21944B23B84F}.Release|Any CPU.Build.0 = Release|Any CPU
		{322B506A-487C-4620-813A-04B5753B689C}.Debug|Any CPU.ActiveCfg = Debug|Any CPU
		{322B506A-487C-4620-813A-04B5753B689C}.Debug|Any CPU.Build.0 = Debug|Any CPU
		{322B506A-487C-4620-813A-04B5753B689C}.Release|Any CPU.ActiveCfg = Release|Any CPU
		{322B506A-487C-4620-813A-04B5753B689C}.Release|Any CPU.Build.0 = Release|Any CPU
		{E9CE030C-A15A-44D7-892E-C8BE6B680217}.Debug|Any CPU.ActiveCfg = Debug|Any CPU
		{E9CE030C-A15A-44D7-892E-C8BE6B680217}.Debug|Any CPU.Build.0 = Debug|Any CPU
		{E9CE030C-A15A-44D7-892E-C8BE6B680217}.Release|Any CPU.ActiveCfg = Release|Any CPU
		{E9CE030C-A15A-44D7-892E-C8BE6B680217}.Release|Any CPU.Build.0 = Release|Any CPU
		{671689A9-EBE7-4E89-B7C0-24BD79AA6873}.Debug|Any CPU.ActiveCfg = Debug|Any CPU
		{671689A9-EBE7-4E89-B7C0-24BD79AA6873}.Debug|Any CPU.Build.0 = Debug|Any CPU
		{671689A9-EBE7-4E89-B7C0-24BD79AA6873}.Release|Any CPU.ActiveCfg = Release|Any CPU
		{671689A9-EBE7-4E89-B7C0-24BD79AA6873}.Release|Any CPU.Build.0 = Release|Any CPU
		{7AC57A1B-6E63-47CB-828E-D77601CAFF45}.Debug|Any CPU.ActiveCfg = Debug|Any CPU
		{7AC57A1B-6E63-47CB-828E-D77601CAFF45}.Debug|Any CPU.Build.0 = Debug|Any CPU
		{7AC57A1B-6E63-47CB-828E-D77601CAFF45}.Release|Any CPU.ActiveCfg = Release|Any CPU
		{7AC57A1B-6E63-47CB-828E-D77601CAFF45}.Release|Any CPU.Build.0 = Release|Any CPU
		{2800AFF6-C3A9-4B44-8F68-69C804AFFC82}.Debug|Any CPU.ActiveCfg = Debug|Any CPU
		{2800AFF6-C3A9-4B44-8F68-69C804AFFC82}.Debug|Any CPU.Build.0 = Debug|Any CPU
		{2800AFF6-C3A9-4B44-8F68-69C804AFFC82}.Release|Any CPU.ActiveCfg = Release|Any CPU
		{2800AFF6-C3A9-4B44-8F68-69C804AFFC82}.Release|Any CPU.Build.0 = Release|Any CPU
		{0C8F5E88-1172-4911-B9DD-AAFA8E9475E9}.Debug|Any CPU.ActiveCfg = Debug|Any CPU
		{0C8F5E88-1172-4911-B9DD-AAFA8E9475E9}.Debug|Any CPU.Build.0 = Debug|Any CPU
		{0C8F5E88-1172-4911-B9DD-AAFA8E9475E9}.Release|Any CPU.ActiveCfg = Release|Any CPU
		{0C8F5E88-1172-4911-B9DD-AAFA8E9475E9}.Release|Any CPU.Build.0 = Release|Any CPU
		{F3571953-6420-4563-B31C-21ACFA18FDAC}.Debug|Any CPU.ActiveCfg = Debug|Any CPU
		{F3571953-6420-4563-B31C-21ACFA18FDAC}.Debug|Any CPU.Build.0 = Debug|Any CPU
		{F3571953-6420-4563-B31C-21ACFA18FDAC}.Release|Any CPU.ActiveCfg = Release|Any CPU
		{F3571953-6420-4563-B31C-21ACFA18FDAC}.Release|Any CPU.Build.0 = Release|Any CPU
		{FD0A850D-B3CC-4FA4-A7F7-2A58196D24EA}.Debug|Any CPU.ActiveCfg = Debug|Any CPU
		{FD0A850D-B3CC-4FA4-A7F7-2A58196D24EA}.Debug|Any CPU.Build.0 = Debug|Any CPU
		{FD0A850D-B3CC-4FA4-A7F7-2A58196D24EA}.Release|Any CPU.ActiveCfg = Release|Any CPU
		{FD0A850D-B3CC-4FA4-A7F7-2A58196D24EA}.Release|Any CPU.Build.0 = Release|Any CPU
		{9F6D3E58-3687-4B4C-ACF8-1B1AC0B32A9F}.Debug|Any CPU.ActiveCfg = Debug|Any CPU
		{9F6D3E58-3687-4B4C-ACF8-1B1AC0B32A9F}.Debug|Any CPU.Build.0 = Debug|Any CPU
		{9F6D3E58-3687-4B4C-ACF8-1B1AC0B32A9F}.Release|Any CPU.ActiveCfg = Release|Any CPU
		{9F6D3E58-3687-4B4C-ACF8-1B1AC0B32A9F}.Release|Any CPU.Build.0 = Release|Any CPU
	EndGlobalSection
	GlobalSection(SolutionProperties) = preSolution
		HideSolutionNode = FALSE
	EndGlobalSection
	GlobalSection(NestedProjects) = preSolution
		{E93BFE95-FDB1-4D48-AD99-9333DAFAAE5C} = {664ED95B-2BFF-46FB-9C8E-33043E0E5F8C}
		{0BC03476-B77B-4443-A7C0-21944B23B84F} = {664ED95B-2BFF-46FB-9C8E-33043E0E5F8C}
		{322B506A-487C-4620-813A-04B5753B689C} = {664ED95B-2BFF-46FB-9C8E-33043E0E5F8C}
		{E9CE030C-A15A-44D7-892E-C8BE6B680217} = {664ED95B-2BFF-46FB-9C8E-33043E0E5F8C}
		{671689A9-EBE7-4E89-B7C0-24BD79AA6873} = {18B6CCFC-452B-4640-B4C0-8AE125EDB001}
		{7AC57A1B-6E63-47CB-828E-D77601CAFF45} = {18B6CCFC-452B-4640-B4C0-8AE125EDB001}
		{2800AFF6-C3A9-4B44-8F68-69C804AFFC82} = {18B6CCFC-452B-4640-B4C0-8AE125EDB001}
		{0C8F5E88-1172-4911-B9DD-AAFA8E9475E9} = {18B6CCFC-452B-4640-B4C0-8AE125EDB001}
		{F3571953-6420-4563-B31C-21ACFA18FDAC} = {18B6CCFC-452B-4640-B4C0-8AE125EDB001}
		{FD0A850D-B3CC-4FA4-A7F7-2A58196D24EA} = {18B6CCFC-452B-4640-B4C0-8AE125EDB001}
		{9F6D3E58-3687-4B4C-ACF8-1B1AC0B32A9F} = {18B6CCFC-452B-4640-B4C0-8AE125EDB001}
	EndGlobalSection
EndGlobal
